
Microsoft Visual Studio Solution File, Format Version 12.00
# Visual Studio Version 16
VisualStudioVersion = 16.0.31729.503
MinimumVisualStudioVersion = 10.0.40219.1
Project("{FAE04EC0-301F-11D3-BF4B-00C04F79EFBC}") = "LabWork", "LabWork\LabWork.csproj", "{815445A2-11C0-4D90-9E23-221D9B84847C}"
EndProject
Global
	GlobalSection(SolutionConfigurationPlatforms) = preSolution
		Debug|Any CPU = Debug|Any CPU
		Release|Any CPU = Release|Any CPU
	EndGlobalSection
	GlobalSection(ProjectConfigurationPlatforms) = postSolution
		{815445A2-11C0-4D90-9E23-221D9B84847C}.Debug|Any CPU.ActiveCfg = Debug|Any CPU
		{815445A2-11C0-4D90-9E23-221D9B84847C}.Debug|Any CPU.Build.0 = Debug|Any CPU
		{815445A2-11C0-4D90-9E23-221D9B84847C}.Release|Any CPU.ActiveCfg = Release|Any CPU
		{815445A2-11C0-4D90-9E23-221D9B84847C}.Release|Any CPU.Build.0 = Release|Any CPU
	EndGlobalSection
	GlobalSection(SolutionProperties) = preSolution
		HideSolutionNode = FALSE
	EndGlobalSection
	GlobalSection(ExtensibilityGlobals) = postSolution
		SolutionGuid = {14700602-6E95-4A11-919D-364AC3A31526}
	EndGlobalSection
EndGlobal
